
Microsoft Visual Studio Solution File, Format Version 12.00
# Visual Studio Version 16
VisualStudioVersion = 16.0.29102.190
MinimumVisualStudioVersion = 10.0.40219.1
Project("{9A19103F-16F7-4668-BE54-9A1E7A4F7556}") = "GQL.WebApp.Typed", "GQL.WebApp.Typed\GQL.WebApp.Typed.csproj", "{E0C825D7-3392-4D5C-A06B-2E919A2FF2CC}"
EndProject
Project("{9A19103F-16F7-4668-BE54-9A1E7A4F7556}") = "GQL.DAL", "GQL.DAL\GQL.DAL.csproj", "{83C845E1-F4A2-4836-82FF-56F3FD8F04FB}"
EndProject
Project("{9A19103F-16F7-4668-BE54-9A1E7A4F7556}") = "GQL.WebApp.Serviced", "GQL.WebApp.Serviced\GQL.WebApp.Serviced.csproj", "{90BFCF73-9E3E-402C-8635-27F9039194A7}"
EndProject
Project("{9A19103F-16F7-4668-BE54-9A1E7A4F7556}") = "GQL.WebApp.Conventions", "GQL.WebApp.Conventions\GQL.WebApp.Conventions.csproj", "{7A885836-7CB7-40E5-955C-C7F5EFA800E1}"
EndProject
Project("{9A19103F-16F7-4668-BE54-9A1E7A4F7556}") = "GraphQl.Server.Annotations", "..\submodules\GraphQl.Server.Annotations\src\GraphQl.Server.Annotations\GraphQl.Server.Annotations.csproj", "{277AD5E4-AC80-4B23-B613-B4C20EE6A981}"
EndProject
Global
	GlobalSection(SolutionConfigurationPlatforms) = preSolution
		Debug|Any CPU = Debug|Any CPU
		Release|Any CPU = Release|Any CPU
	EndGlobalSection
	GlobalSection(ProjectConfigurationPlatforms) = postSolution
		{E0C825D7-3392-4D5C-A06B-2E919A2FF2CC}.Debug|Any CPU.ActiveCfg = Debug|Any CPU
		{E0C825D7-3392-4D5C-A06B-2E919A2FF2CC}.Debug|Any CPU.Build.0 = Debug|Any CPU
		{E0C825D7-3392-4D5C-A06B-2E919A2FF2CC}.Release|Any CPU.ActiveCfg = Release|Any CPU
		{E0C825D7-3392-4D5C-A06B-2E919A2FF2CC}.Release|Any CPU.Build.0 = Release|Any CPU
		{83C845E1-F4A2-4836-82FF-56F3FD8F04FB}.Debug|Any CPU.ActiveCfg = Debug|Any CPU
		{83C845E1-F4A2-4836-82FF-56F3FD8F04FB}.Debug|Any CPU.Build.0 = Debug|Any CPU
		{83C845E1-F4A2-4836-82FF-56F3FD8F04FB}.Release|Any CPU.ActiveCfg = Release|Any CPU
		{83C845E1-F4A2-4836-82FF-56F3FD8F04FB}.Release|Any CPU.Build.0 = Release|Any CPU
		{90BFCF73-9E3E-402C-8635-27F9039194A7}.Debug|Any CPU.ActiveCfg = Debug|Any CPU
		{90BFCF73-9E3E-402C-8635-27F9039194A7}.Debug|Any CPU.Build.0 = Debug|Any CPU
		{90BFCF73-9E3E-402C-8635-27F9039194A7}.Release|Any CPU.ActiveCfg = Release|Any CPU
		{90BFCF73-9E3E-402C-8635-27F9039194A7}.Release|Any CPU.Build.0 = Release|Any CPU
		{7A885836-7CB7-40E5-955C-C7F5EFA800E1}.Debug|Any CPU.ActiveCfg = Debug|Any CPU
		{7A885836-7CB7-40E5-955C-C7F5EFA800E1}.Debug|Any CPU.Build.0 = Debug|Any CPU
		{7A885836-7CB7-40E5-955C-C7F5EFA800E1}.Release|Any CPU.ActiveCfg = Release|Any CPU
		{7A885836-7CB7-40E5-955C-C7F5EFA800E1}.Release|Any CPU.Build.0 = Release|Any CPU
		{277AD5E4-AC80-4B23-B613-B4C20EE6A981}.Debug|Any CPU.ActiveCfg = Debug|Any CPU
		{277AD5E4-AC80-4B23-B613-B4C20EE6A981}.Debug|Any CPU.Build.0 = Debug|Any CPU
		{277AD5E4-AC80-4B23-B613-B4C20EE6A981}.Release|Any CPU.ActiveCfg = Release|Any CPU
		{277AD5E4-AC80-4B23-B613-B4C20EE6A981}.Release|Any CPU.Build.0 = Release|Any CPU
	EndGlobalSection
	GlobalSection(SolutionProperties) = preSolution
		HideSolutionNode = FALSE
	EndGlobalSection
	GlobalSection(ExtensibilityGlobals) = postSolution
		SolutionGuid = {CE1A30C9-F619-46F2-9E5D-3AD6CD559AAE}
	EndGlobalSection
EndGlobal
